// !$*UTF8*$!
{
	archiveVersion = 1;
	classes = {
	};
	objectVersion = 56;
	objects = {

/* Begin PBXBuildFile section */
		6CA9F52C2B8AA1C300056BBE /* NFLGreenRideApp.swift in Sources */ = {isa = PBXBuildFile; fileRef = 6CA9F52B2B8AA1C300056BBE /* NFLGreenRideApp.swift */; };
		6CA9F52E2B8AA1C300056BBE /* ContentView.swift in Sources */ = {isa = PBXBuildFile; fileRef = 6CA9F52D2B8AA1C300056BBE /* ContentView.swift */; };
		6CA9F5302B8AA1C500056BBE /* Assets.xcassets in Resources */ = {isa = PBXBuildFile; fileRef = 6CA9F52F2B8AA1C500056BBE /* Assets.xcassets */; };
		6CA9F5332B8AA1C500056BBE /* Preview Assets.xcassets in Resources */ = {isa = PBXBuildFile; fileRef = 6CA9F5322B8AA1C500056BBE /* Preview Assets.xcassets */; };
		6CA9F53C2B8ABC1100056BBE /* HomeView.swift in Sources */ = {isa = PBXBuildFile; fileRef = 6CA9F53B2B8ABC1100056BBE /* HomeView.swift */; };
		6CA9F5402B8ACA1900056BBE /* YourCarView.swift in Sources */ = {isa = PBXBuildFile; fileRef = 6CA9F53F2B8ACA1900056BBE /* YourCarView.swift */; };
		6CA9F5422B8ACBF900056BBE /* BuddiesForumView.swift in Sources */ = {isa = PBXBuildFile; fileRef = 6CA9F5412B8ACBF900056BBE /* BuddiesForumView.swift */; };
		6CA9F5442B8AD4AC00056BBE /* ActivityView.swift in Sources */ = {isa = PBXBuildFile; fileRef = 6CA9F5432B8AD4AC00056BBE /* ActivityView.swift */; };
/* End PBXBuildFile section */

/* Begin PBXFileReference section */
		6CA9F5282B8AA1C300056BBE /* NFLGreenRide.app */ = {isa = PBXFileReference; explicitFileType = wrapper.application; includeInIndex = 0; path = NFLGreenRide.app; sourceTree = BUILT_PRODUCTS_DIR; };
		6CA9F52B2B8AA1C300056BBE /* NFLGreenRideApp.swift */ = {isa = PBXFileReference; lastKnownFileType = sourcecode.swift; path = NFLGreenRideApp.swift; sourceTree = "<group>"; };
		6CA9F52D2B8AA1C300056BBE /* ContentView.swift */ = {isa = PBXFileReference; lastKnownFileType = sourcecode.swift; path = ContentView.swift; sourceTree = "<group>"; };
		6CA9F52F2B8AA1C500056BBE /* Assets.xcassets */ = {isa = PBXFileReference; lastKnownFileType = folder.assetcatalog; path = Assets.xcassets; sourceTree = "<group>"; };
		6CA9F5322B8AA1C500056BBE /* Preview Assets.xcassets */ = {isa = PBXFileReference; lastKnownFileType = folder.assetcatalog; path = "Preview Assets.xcassets"; sourceTree = "<group>"; };
		6CA9F53B2B8ABC1100056BBE /* HomeView.swift */ = {isa = PBXFileReference; lastKnownFileType = sourcecode.swift; path = HomeView.swift; sourceTree = "<group>"; };
		6CA9F53F2B8ACA1900056BBE /* YourCarView.swift */ = {isa = PBXFileReference; lastKnownFileType = sourcecode.swift; path = YourCarView.swift; sourceTree = "<group>"; };
		6CA9F5412B8ACBF900056BBE /* BuddiesForumView.swift */ = {isa = PBXFileReference; lastKnownFileType = sourcecode.swift; path = BuddiesForumView.swift; sourceTree = "<group>"; };
		6CA9F5432B8AD4AC00056BBE /* ActivityView.swift */ = {isa = PBXFileReference; lastKnownFileType = sourcecode.swift; path = ActivityView.swift; sourceTree = "<group>"; };
/* End PBXFileReference section */

/* Begin PBXFrameworksBuildPhase section */
		6CA9F5252B8AA1C300056BBE /* Frameworks */ = {
			isa = PBXFrameworksBuildPhase;
			buildActionMask = 2147483647;
			files = (
			);
			runOnlyForDeploymentPostprocessing = 0;
		};
/* End PBXFrameworksBuildPhase section */

/* Begin PBXGroup section */
		6CA9F51F2B8AA1C300056BBE = {
			isa = PBXGroup;
			children = (
				6CA9F52A2B8AA1C300056BBE /* NFLGreenRide */,
				6CA9F5292B8AA1C300056BBE /* Products */,
			);
			sourceTree = "<group>";
		};
		6CA9F5292B8AA1C300056BBE /* Products */ = {
			isa = PBXGroup;
			children = (
				6CA9F5282B8AA1C300056BBE /* NFLGreenRide.app */,
			);
			name = Products;
			sourceTree = "<group>";
		};
		6CA9F52A2B8AA1C300056BBE /* NFLGreenRide */ = {
			isa = PBXGroup;
			children = (
				6CA9F53A2B8ABC0100056BBE /* App */,
				6CA9F5392B8ABBB400056BBE /* Core */,
				6CA9F52B2B8AA1C300056BBE /* NFLGreenRideApp.swift */,
				6CA9F52F2B8AA1C500056BBE /* Assets.xcassets */,
				6CA9F5312B8AA1C500056BBE /* Preview Content */,
			);
			path = NFLGreenRide;
			sourceTree = "<group>";
		};
		6CA9F5312B8AA1C500056BBE /* Preview Content */ = {
			isa = PBXGroup;
			children = (
				6CA9F5322B8AA1C500056BBE /* Preview Assets.xcassets */,
			);
			path = "Preview Content";
			sourceTree = "<group>";
		};
		6CA9F5392B8ABBB400056BBE /* Core */ = {
			isa = PBXGroup;
			children = (
				6CA9F52D2B8AA1C300056BBE /* ContentView.swift */,
			);
			path = Core;
			sourceTree = "<group>";
		};
		6CA9F53A2B8ABC0100056BBE /* App */ = {
			isa = PBXGroup;
			children = (
				6CA9F53B2B8ABC1100056BBE /* HomeView.swift */,
				6CA9F53F2B8ACA1900056BBE /* YourCarView.swift */,
				6CA9F5412B8ACBF900056BBE /* BuddiesForumView.swift */,
				6CA9F5432B8AD4AC00056BBE /* ActivityView.swift */,
			);
			path = App;
			sourceTree = "<group>";
		};
/* End PBXGroup section */

/* Begin PBXNativeTarget section */
		6CA9F5272B8AA1C300056BBE /* NFLGreenRide */ = {
			isa = PBXNativeTarget;
			buildConfigurationList = 6CA9F5362B8AA1C500056BBE /* Build configuration list for PBXNativeTarget "NFLGreenRide" */;
			buildPhases = (
				6CA9F5242B8AA1C300056BBE /* Sources */,
				6CA9F5252B8AA1C300056BBE /* Frameworks */,
				6CA9F5262B8AA1C300056BBE /* Resources */,
			);
			buildRules = (
			);
			dependencies = (
			);
			name = NFLGreenRide;
			productName = NFLGreenRide;
			productReference = 6CA9F5282B8AA1C300056BBE /* NFLGreenRide.app */;
			productType = "com.apple.product-type.application";
		};
/* End PBXNativeTarget section */

/* Begin PBXProject section */
		6CA9F5202B8AA1C300056BBE /* Project object */ = {
			isa = PBXProject;
			attributes = {
				BuildIndependentTargetsInParallel = 1;
				LastSwiftUpdateCheck = 1520;
				LastUpgradeCheck = 1520;
				TargetAttributes = {
					6CA9F5272B8AA1C300056BBE = {
						CreatedOnToolsVersion = 15.2;
					};
				};
			};
			buildConfigurationList = 6CA9F5232B8AA1C300056BBE /* Build configuration list for PBXProject "NFLGreenRide" */;
			compatibilityVersion = "Xcode 14.0";
			developmentRegion = en;
			hasScannedForEncodings = 0;
			knownRegions = (
				en,
				Base,
			);
			mainGroup = 6CA9F51F2B8AA1C300056BBE;
			productRefGroup = 6CA9F5292B8AA1C300056BBE /* Products */;
			projectDirPath = "";
			projectRoot = "";
			targets = (
				6CA9F5272B8AA1C300056BBE /* NFLGreenRide */,
			);
		};
/* End PBXProject section */

/* Begin PBXResourcesBuildPhase section */
		6CA9F5262B8AA1C300056BBE /* Resources */ = {
			isa = PBXResourcesBuildPhase;
			buildActionMask = 2147483647;
			files = (
				6CA9F5332B8AA1C500056BBE /* Preview Assets.xcassets in Resources */,
				6CA9F5302B8AA1C500056BBE /* Assets.xcassets in Resources */,
			);
			runOnlyForDeploymentPostprocessing = 0;
		};
/* End PBXResourcesBuildPhase section */

/* Begin PBXSourcesBuildPhase section */
		6CA9F5242B8AA1C300056BBE /* Sources */ = {
			isa = PBXSourcesBuildPhase;
			buildActionMask = 2147483647;
			files = (
				6CA9F5402B8ACA1900056BBE /* YourCarView.swift in Sources */,
				6CA9F5422B8ACBF900056BBE /* BuddiesForumView.swift in Sources */,
				6CA9F53C2B8ABC1100056BBE /* HomeView.swift in Sources */,
				6CA9F52E2B8AA1C300056BBE /* ContentView.swift in Sources */,
				6CA9F52C2B8AA1C300056BBE /* NFLGreenRideApp.swift in Sources */,
				6CA9F5442B8AD4AC00056BBE /* ActivityView.swift in Sources */,
			);
			runOnlyForDeploymentPostprocessing = 0;
		};
/* End PBXSourcesBuildPhase section */

/* Begin XCBuildConfiguration section */
		6CA9F5342B8AA1C500056BBE /* Debug */ = {
			isa = XCBuildConfiguration;
			buildSettings = {
				ALWAYS_SEARCH_USER_PATHS = NO;
				ASSETCATALOG_COMPILER_GENERATE_SWIFT_ASSET_SYMBOL_EXTENSIONS = YES;
				CLANG_ANALYZER_NONNULL = YES;
				CLANG_ANALYZER_NUMBER_OBJECT_CONVERSION = YES_AGGRESSIVE;
				CLANG_CXX_LANGUAGE_STANDARD = "gnu++20";
				CLANG_ENABLE_MODULES = YES;
				CLANG_ENABLE_OBJC_ARC = YES;
				CLANG_ENABLE_OBJC_WEAK = YES;
				CLANG_WARN_BLOCK_CAPTURE_AUTORELEASING = YES;
				CLANG_WARN_BOOL_CONVERSION = YES;
				CLANG_WARN_COMMA = YES;
				CLANG_WARN_CONSTANT_CONVERSION = YES;
				CLANG_WARN_DEPRECATED_OBJC_IMPLEMENTATIONS = YES;
				CLANG_WARN_DIRECT_OBJC_ISA_USAGE = YES_ERROR;
				CLANG_WARN_DOCUMENTATION_COMMENTS = YES;
				CLANG_WARN_EMPTY_BODY = YES;
				CLANG_WARN_ENUM_CONVERSION = YES;
				CLANG_WARN_INFINITE_RECURSION = YES;
				CLANG_WARN_INT_CONVERSION = YES;
				CLANG_WARN_NON_LITERAL_NULL_CONVERSION = YES;
				CLANG_WARN_OBJC_IMPLICIT_RETAIN_SELF = YES;
				CLANG_WARN_OBJC_LITERAL_CONVERSION = YES;
				CLANG_WARN_OBJC_ROOT_CLASS = YES_ERROR;
				CLANG_WARN_QUOTED_INCLUDE_IN_FRAMEWORK_HEADER = YES;
				CLANG_WARN_RANGE_LOOP_ANALYSIS = YES;
				CLANG_WARN_STRICT_PROTOTYPES = YES;
				CLANG_WARN_SUSPICIOUS_MOVE = YES;
				CLANG_WARN_UNGUARDED_AVAILABILITY = YES_AGGRESSIVE;
				CLANG_WARN_UNREACHABLE_CODE = YES;
				CLANG_WARN__DUPLICATE_METHOD_MATCH = YES;
				COPY_PHASE_STRIP = NO;
				DEBUG_INFORMATION_FORMAT = dwarf;
				ENABLE_STRICT_OBJC_MSGSEND = YES;
				ENABLE_TESTABILITY = YES;
				ENABLE_USER_SCRIPT_SANDBOXING = YES;
				GCC_C_LANGUAGE_STANDARD = gnu17;
				GCC_DYNAMIC_NO_PIC = NO;
				GCC_NO_COMMON_BLOCKS = YES;
				GCC_OPTIMIZATION_LEVEL = 0;
				GCC_PREPROCESSOR_DEFINITIONS = (
					"DEBUG=1",
					"$(inherited)",
				);
				GCC_WARN_64_TO_32_BIT_CONVERSION = YES;
				GCC_WARN_ABOUT_RETURN_TYPE = YES_ERROR;
				GCC_WARN_UNDECLARED_SELECTOR = YES;
				GCC_WARN_UNINITIALIZED_AUTOS = YES_AGGRESSIVE;
				GCC_WARN_UNUSED_FUNCTION = YES;
				GCC_WARN_UNUSED_VARIABLE = YES;
				IPHONEOS_DEPLOYMENT_TARGET = 17.2;
				LOCALIZATION_PREFERS_STRING_CATALOGS = YES;
				MTL_ENABLE_DEBUG_INFO = INCLUDE_SOURCE;
				MTL_FAST_MATH = YES;
				ONLY_ACTIVE_ARCH = YES;
				SDKROOT = iphoneos;
				SWIFT_ACTIVE_COMPILATION_CONDITIONS = "DEBUG $(inherited)";
				SWIFT_OPTIMIZATION_LEVEL = "-Onone";
			};
			name = Debug;
		};
		6CA9F5352B8AA1C500056BBE /* Release */ = {
			isa = XCBuildConfiguration;
			buildSettings = {
				ALWAYS_SEARCH_USER_PATHS = NO;
				ASSETCATALOG_COMPILER_GENERATE_SWIFT_ASSET_SYMBOL_EXTENSIONS = YES;
				CLANG_ANALYZER_NONNULL = YES;
				CLANG_ANALYZER_NUMBER_OBJECT_CONVERSION = YES_AGGRESSIVE;
				CLANG_CXX_LANGUAGE_STANDARD = "gnu++20";
				CLANG_ENABLE_MODULES = YES;
				CLANG_ENABLE_OBJC_ARC = YES;
				CLANG_ENABLE_OBJC_WEAK = YES;
				CLANG_WARN_BLOCK_CAPTURE_AUTORELEASING = YES;
				CLANG_WARN_BOOL_CONVERSION = YES;
				CLANG_WARN_COMMA = YES;
				CLANG_WARN_CONSTANT_CONVERSION = YES;
				CLANG_WARN_DEPRECATED_OBJC_IMPLEMENTATIONS = YES;
				CLANG_WARN_DIRECT_OBJC_ISA_USAGE = YES_ERROR;
				CLANG_WARN_DOCUMENTATION_COMMENTS = YES;
				CLANG_WARN_EMPTY_BODY = YES;
				CLANG_WARN_ENUM_CONVERSION = YES;
				CLANG_WARN_INFINITE_RECURSION = YES;
				CLANG_WARN_INT_CONVERSION = YES;
				CLANG_WARN_NON_LITERAL_NULL_CONVERSION = YES;
				CLANG_WARN_OBJC_IMPLICIT_RETAIN_SELF = YES;
				CLANG_WARN_OBJC_LITERAL_CONVERSION = YES;
				CLANG_WARN_OBJC_ROOT_CLASS = YES_ERROR;
				CLANG_WARN_QUOTED_INCLUDE_IN_FRAMEWORK_HEADER = YES;
				CLANG_WARN_RANGE_LOOP_ANALYSIS = YES;
				CLANG_WARN_STRICT_PROTOTYPES = YES;
				CLANG_WARN_SUSPICIOUS_MOVE = YES;
				CLANG_WARN_UNGUARDED_AVAILABILITY = YES_AGGRESSIVE;
				CLANG_WARN_UNREACHABLE_CODE = YES;
				CLANG_WARN__DUPLICATE_METHOD_MATCH = YES;
				COPY_PHASE_STRIP = NO;
				DEBUG_INFORMATION_FORMAT = "dwarf-with-dsym";
				ENABLE_NS_ASSERTIONS = NO;
				ENABLE_STRICT_OBJC_MSGSEND = YES;
				ENABLE_USER_SCRIPT_SANDBOXING = YES;
				GCC_C_LANGUAGE_STANDARD = gnu17;
				GCC_NO_COMMON_BLOCKS = YES;
				GCC_WARN_64_TO_32_BIT_CONVERSION = YES;
				GCC_WARN_ABOUT_RETURN_TYPE = YES_ERROR;
				GCC_WARN_UNDECLARED_SELECTOR = YES;
				GCC_WARN_UNINITIALIZED_AUTOS = YES_AGGRESSIVE;
				GCC_WARN_UNUSED_FUNCTION = YES;
				GCC_WARN_UNUSED_VARIABLE = YES;
				IPHONEOS_DEPLOYMENT_TARGET = 17.2;
				LOCALIZATION_PREFERS_STRING_CATALOGS = YES;
				MTL_ENABLE_DEBUG_INFO = NO;
				MTL_FAST_MATH = YES;
				SDKROOT = iphoneos;
				SWIFT_COMPILATION_MODE = wholemodule;
				VALIDATE_PRODUCT = YES;
			};
			name = Release;
		};
		6CA9F5372B8AA1C500056BBE /* Debug */ = {
			isa = XCBuildConfiguration;
			buildSettings = {
				ASSETCATALOG_COMPILER_APPICON_NAME = AppIcon;
				ASSETCATALOG_COMPILER_GLOBAL_ACCENT_COLOR_NAME = AccentColor;
				CODE_SIGN_STYLE = Automatic;
				CURRENT_PROJECT_VERSION = 1;
				DEVELOPMENT_ASSET_PATHS = "\"NFLGreenRide/Preview Content\"";
				DEVELOPMENT_TEAM = T8KG5D3C4K;
				ENABLE_PREVIEWS = YES;
				GENERATE_INFOPLIST_FILE = YES;
				INFOPLIST_KEY_UIApplicationSceneManifest_Generation = YES;
				INFOPLIST_KEY_UIApplicationSupportsIndirectInputEvents = YES;
				INFOPLIST_KEY_UILaunchScreen_Generation = YES;
				INFOPLIST_KEY_UISupportedInterfaceOrientations_iPad = "UIInterfaceOrientationPortrait UIInterfaceOrientationPortraitUpsideDown UIInterfaceOrientationLandscapeLeft UIInterfaceOrientationLandscapeRight";
				INFOPLIST_KEY_UISupportedInterfaceOrientations_iPhone = "UIInterfaceOrientationPortrait UIInterfaceOrientationLandscapeLeft UIInterfaceOrientationLandscapeRight";
				LD_RUNPATH_SEARCH_PATHS = (
					"$(inherited)",
					"@executable_path/Frameworks",
				);
				MARKETING_VERSION = 1.0;
				PRODUCT_BUNDLE_IDENTIFIER = com.otapps.NFLGreenRide;
				PRODUCT_NAME = "$(TARGET_NAME)";
				SWIFT_EMIT_LOC_STRINGS = YES;
				SWIFT_VERSION = 5.0;
				TARGETED_DEVICE_FAMILY = "1,2";
			};
			name = Debug;
		};
		6CA9F5382B8AA1C500056BBE /* Release */ = {
			isa = XCBuildConfiguration;
			buildSettings = {
				ASSETCATALOG_COMPILER_APPICON_NAME = AppIcon;
				ASSETCATALOG_COMPILER_GLOBAL_ACCENT_COLOR_NAME = AccentColor;
				CODE_SIGN_STYLE = Automatic;
				CURRENT_PROJECT_VERSION = 1;
				DEVELOPMENT_ASSET_PATHS = "\"NFLGreenRide/Preview Content\"";
				DEVELOPMENT_TEAM = T8KG5D3C4K;
				ENABLE_PREVIEWS = YES;
				GENERATE_INFOPLIST_FILE = YES;
				INFOPLIST_KEY_UIApplicationSceneManifest_Generation = YES;
				INFOPLIST_KEY_UIApplicationSupportsIndirectInputEvents = YES;
				INFOPLIST_KEY_UILaunchScreen_Generation = YES;
				INFOPLIST_KEY_UISupportedInterfaceOrientations_iPad = "UIInterfaceOrientationPortrait UIInterfaceOrientationPortraitUpsideDown UIInterfaceOrientationLandscapeLeft UIInterfaceOrientationLandscapeRight";
				INFOPLIST_KEY_UISupportedInterfaceOrientations_iPhone = "UIInterfaceOrientationPortrait UIInterfaceOrientationLandscapeLeft UIInterfaceOrientationLandscapeRight";
				LD_RUNPATH_SEARCH_PATHS = (
					"$(inherited)",
					"@executable_path/Frameworks",
				);
				MARKETING_VERSION = 1.0;
				PRODUCT_BUNDLE_IDENTIFIER = com.otapps.NFLGreenRide;
				PRODUCT_NAME = "$(TARGET_NAME)";
				SWIFT_EMIT_LOC_STRINGS = YES;
				SWIFT_VERSION = 5.0;
				TARGETED_DEVICE_FAMILY = "1,2";
			};
			name = Release;
		};
/* End XCBuildConfiguration section */

/* Begin XCConfigurationList section */
		6CA9F5232B8AA1C300056BBE /* Build configuration list for PBXProject "NFLGreenRide" */ = {
			isa = XCConfigurationList;
			buildConfigurations = (
				6CA9F5342B8AA1C500056BBE /* Debug */,
				6CA9F5352B8AA1C500056BBE /* Release */,
			);
			defaultConfigurationIsVisible = 0;
			defaultConfigurationName = Release;
		};
		6CA9F5362B8AA1C500056BBE /* Build configuration list for PBXNativeTarget "NFLGreenRide" */ = {
			isa = XCConfigurationList;
			buildConfigurations = (
				6CA9F5372B8AA1C500056BBE /* Debug */,
				6CA9F5382B8AA1C500056BBE /* Release */,
			);
			defaultConfigurationIsVisible = 0;
			defaultConfigurationName = Release;
		};
/* End XCConfigurationList section */
	};
	rootObject = 6CA9F5202B8AA1C300056BBE /* Project object */;
}
